
Microsoft Visual Studio Solution File, Format Version 12.00
# Visual Studio Version 17
VisualStudioVersion = 17.3.32811.315
MinimumVisualStudioVersion = 10.0.40219.1
Project("{9A19103F-16F7-4668-BE54-9A1E7A4F7556}") = "LMS", "..\LMS\LMS.csproj", "{C3768985-3AA3-43B3-BE7E-7DD95631CD7C}"
EndProject
Global
	GlobalSection(SolutionConfigurationPlatforms) = preSolution
		Debug|Any CPU = Debug|Any CPU
		Release|Any CPU = Release|Any CPU
	EndGlobalSection
	GlobalSection(ProjectConfigurationPlatforms) = postSolution
		{C3768985-3AA3-43B3-BE7E-7DD95631CD7C}.Debug|Any CPU.ActiveCfg = Debug|Any CPU
		{C3768985-3AA3-43B3-BE7E-7DD95631CD7C}.Debug|Any CPU.Build.0 = Debug|Any CPU
		{C3768985-3AA3-43B3-BE7E-7DD95631CD7C}.Release|Any CPU.ActiveCfg = Release|Any CPU
		{C3768985-3AA3-43B3-BE7E-7DD95631CD7C}.Release|Any CPU.Build.0 = Release|Any CPU
	EndGlobalSection
	GlobalSection(SolutionProperties) = preSolution
		HideSolutionNode = FALSE
	EndGlobalSection
	GlobalSection(ExtensibilityGlobals) = postSolution
		SolutionGuid = {CD872D1B-8DBA-4112-A20A-34B2169C8FAB}
	EndGlobalSection
EndGlobal
